<?xml version="1.0" encoding="utf-8"?>
<Project ToolsVersion="4.0" xmlns="http://schemas.microsoft.com/developer/msbuild/2003">
  <ItemGroup>
    <Filter Include="win32">
      <UniqueIdentifier>{84a8ebd7-7cf0-47f6-b75e-d441df67da40}</UniqueIdentifier>
    </Filter>
    <Filter Include="resource">
      <UniqueIdentifier>{715254bc-d70b-4ec5-bf29-467dd3ace079}</UniqueIdentifier>
    </Filter>
    <Filter Include="src">
      <UniqueIdentifier>{bb6c862e-70e9-49d9-81b7-3829a6f50471}</UniqueIdentifier>
    </Filter>
  </ItemGroup>
  <ItemGroup>
    <ClCompile Include="main.cpp">
      <Filter>win32</Filter>
    </ClCompile>
    <ClCompile Include="..\Classes\AppDelegate.cpp">
      <Filter>src</Filter>
    </ClCompile>
    <ClCompile Include="..\Classes\Common.cpp">
      <Filter>src</Filter>
    </ClCompile>
    <ClCompile Include="..\Classes\LoadingScene.cpp">
      <Filter>src</Filter>
    </ClCompile>
    <ClCompile Include="..\Classes\MainScene.cpp">
      <Filter>src</Filter>
    </ClCompile>
    <ClCompile Include="..\Classes\ObjectContext.cpp">
      <Filter>src</Filter>
    </ClCompile>
    <ClCompile Include="..\Classes\PartialMap.cpp">
      <Filter>src</Filter>
    </ClCompile>
    <ClCompile Include="..\Classes\PartialMapsManager.cpp">
      <Filter>src</Filter>
    </ClCompile>
    <ClCompile Include="..\Classes\SharedUIData.cpp">
      <Filter>src</Filter>
    </ClCompile>
    <ClCompile Include="..\Classes\SpriteBatch.cpp">
      <Filter>src</Filter>
    </ClCompile>
    <ClCompile Include="..\Classes\UICommon.cpp">
      <Filter>src</Filter>
    </ClCompile>
    <ClCompile Include="..\Classes\UIConfig.cpp">
      <Filter>src</Filter>
    </ClCompile>
    <ClCompile Include="..\Classes\Utilities.cpp">
      <Filter>src</Filter>
    </ClCompile>
    <ClCompile Include="..\Classes\Viewport.cpp">
      <Filter>src</Filter>
    </ClCompile>
  </ItemGroup>
  <ItemGroup>
    <ClInclude Include="main.h">
      <Filter>win32</Filter>
    </ClInclude>
    <ClInclude Include="resource.h" />
    <ClInclude Include="..\Classes\AppDelegate.h">
      <Filter>src</Filter>
    </ClInclude>
    <ClInclude Include="..\Classes\AsyncDiffReader.h">
      <Filter>src</Filter>
    </ClInclude>
    <ClInclude Include="..\Classes\Buffer2D.h">
      <Filter>src</Filter>
    </ClInclude>
    <ClInclude Include="..\Classes\Common.h">
      <Filter>src</Filter>
    </ClInclude>
    <ClInclude Include="..\Classes\IFullScreenMenu.h">
      <Filter>src</Filter>
    </ClInclude>
    <ClInclude Include="..\Classes\json.hpp">
      <Filter>src</Filter>
    </ClInclude>
    <ClInclude Include="..\Classes\ListController.h">
      <Filter>src</Filter>
    </ClInclude>
    <ClInclude Include="..\Classes\ListView.h">
      <Filter>src</Filter>
    </ClInclude>
    <ClInclude Include="..\Classes\LoadConfigMenu.h">
      <Filter>src</Filter>
    </ClInclude>
    <ClInclude Include="..\Classes\LoadingScene.h">
      <Filter>src</Filter>
    </ClInclude>
    <ClInclude Include="..\Classes\Logging.h">
      <Filter>src</Filter>
    </ClInclude>
    <ClInclude Include="..\Classes\MainScene.h">
      <Filter>src</Filter>
    </ClInclude>
    <ClInclude Include="..\Classes\ObjectContext.h">
      <Filter>src</Filter>
    </ClInclude>
    <ClInclude Include="..\Classes\OptionsMenu.h">
      <Filter>src</Filter>
    </ClInclude>
    <ClInclude Include="..\Classes\PartialMap.h">
      <Filter>src</Filter>
    </ClInclude>
    <ClInclude Include="..\Classes\PartialMapsManager.h">
      <Filter>src</Filter>
    </ClInclude>
    <ClInclude Include="..\Classes\Random.h">
      <Filter>src</Filter>
    </ClInclude>
    <ClInclude Include="..\Classes\SaveConfigMenu.h">
      <Filter>src</Filter>
    </ClInclude>
    <ClInclude Include="..\Classes\SharedUIData.h">
      <Filter>src</Filter>
    </ClInclude>
    <ClInclude Include="..\Classes\SpriteBatch.h">
      <Filter>src</Filter>
    </ClInclude>
    <ClInclude Include="..\Classes\UICommon.h">
      <Filter>src</Filter>
    </ClInclude>
    <ClInclude Include="..\Classes\UIConfig.h">
      <Filter>src</Filter>
    </ClInclude>
    <ClInclude Include="..\Classes\Utilities.h">
      <Filter>src</Filter>
    </ClInclude>
    <ClInclude Include="..\Classes\Viewport.h">
      <Filter>src</Filter>
    </ClInclude>
    <ClInclude Include="..\Classes\WorldModel.h">
      <Filter>src</Filter>
    </ClInclude>
    <ClInclude Include="..\Classes\json_safe.hpp">
      <Filter>src</Filter>
    </ClInclude>
  </ItemGroup>
  <ItemGroup>
    <ResourceCompile Include="game.rc">
      <Filter>resource</Filter>
    </ResourceCompile>
  </ItemGroup>
  <ItemGroup>
    <Image Include="res\game.ico" />
    <Image Include="res\icon1.ico" />
  </ItemGroup>
</Project>